
Microsoft Visual Studio Solution File, Format Version 12.00
# Visual Studio Version 16
VisualStudioVersion = 16.0.31702.278
MinimumVisualStudioVersion = 10.0.40219.1
Project("{FAE04EC0-301F-11D3-BF4B-00C04F79EFBC}") = "CSharpHTMLReader", "CSharpHTMLReader.csproj", "{AE57B964-0B97-4BE6-990C-8D3A7E741AEA}"
EndProject
Global
	GlobalSection(SolutionConfigurationPlatforms) = preSolution
		Debug|Any CPU = Debug|Any CPU
		Release|Any CPU = Release|Any CPU
	EndGlobalSection
	GlobalSection(ProjectConfigurationPlatforms) = postSolution
		{AE57B964-0B97-4BE6-990C-8D3A7E741AEA}.Debug|Any CPU.ActiveCfg = Debug|Any CPU
		{AE57B964-0B97-4BE6-990C-8D3A7E741AEA}.Debug|Any CPU.Build.0 = Debug|Any CPU
		{AE57B964-0B97-4BE6-990C-8D3A7E741AEA}.Release|Any CPU.ActiveCfg = Release|Any CPU
		{AE57B964-0B97-4BE6-990C-8D3A7E741AEA}.Release|Any CPU.Build.0 = Release|Any CPU
	EndGlobalSection
	GlobalSection(SolutionProperties) = preSolution
		HideSolutionNode = FALSE
	EndGlobalSection
	GlobalSection(ExtensibilityGlobals) = postSolution
		SolutionGuid = {6CEA9D4D-FB4A-43AE-B500-8A370BA12C45}
	EndGlobalSection
EndGlobal
